
Microsoft Visual Studio Solution File, Format Version 12.00
# Visual Studio Version 16
VisualStudioVersion = 16.0.31005.135
MinimumVisualStudioVersion = 10.0.40219.1
Project("{FAE04EC0-301F-11D3-BF4B-00C04F79EFBC}") = "DisposeExample", "DisposeExample.csproj", "{8A6281CD-1737-41C3-B8A7-5EE6DE961C92}"
EndProject
Global
	GlobalSection(SolutionConfigurationPlatforms) = preSolution
		Debug|Any CPU = Debug|Any CPU
		Release|Any CPU = Release|Any CPU
	EndGlobalSection
	GlobalSection(ProjectConfigurationPlatforms) = postSolution
		{8A6281CD-1737-41C3-B8A7-5EE6DE961C92}.Debug|Any CPU.ActiveCfg = Debug|Any CPU
		{8A6281CD-1737-41C3-B8A7-5EE6DE961C92}.Debug|Any CPU.Build.0 = Debug|Any CPU
		{8A6281CD-1737-41C3-B8A7-5EE6DE961C92}.Release|Any CPU.ActiveCfg = Release|Any CPU
		{8A6281CD-1737-41C3-B8A7-5EE6DE961C92}.Release|Any CPU.Build.0 = Release|Any CPU
	EndGlobalSection
	GlobalSection(SolutionProperties) = preSolution
		HideSolutionNode = FALSE
	EndGlobalSection
	GlobalSection(ExtensibilityGlobals) = postSolution
		SolutionGuid = {8C22F7AF-7592-439E-92BC-00A48D7A907A}
	EndGlobalSection
EndGlobal
